<?xml version="1.0" encoding="utf-8"?>
<Project ToolsVersion="4.0" xmlns="http://schemas.microsoft.com/developer/msbuild/2003">
  <ItemGroup>
    <Filter Include="Source Files">
      <UniqueIdentifier>{4FC737F1-C7A5-4376-A066-2A32D752A2FF}</UniqueIdentifier>
      <Extensions>cpp;c;cc;cxx;c++;cppm;ixx;def;odl;idl;hpj;bat;asm;asmx</Extensions>
    </Filter>
    <Filter Include="ImGui">
      <UniqueIdentifier>{15a5952f-77a3-45e1-bb61-a96f1dc841a2}</UniqueIdentifier>
    </Filter>
    <Filter Include="Source Files\Font">
      <UniqueIdentifier>{d7413412-4b07-49ce-b4ac-4d375dee4b30}</UniqueIdentifier>
    </Filter>
    <Filter Include="Source Files\Bytes">
      <UniqueIdentifier>{f31f39d5-c44d-4005-83ee-b55fa401c383}</UniqueIdentifier>
    </Filter>
    <Filter Include="blur">
      <UniqueIdentifier>{14e3240e-77e6-4c2c-93b4-7d6fa2add965}</UniqueIdentifier>
    </Filter>
  </ItemGroup>
  <ItemGroup>
    <ClCompile Include="main.cpp">
      <Filter>Source Files</Filter>
    </ClCompile>
    <ClCompile Include="ImGui\imgui.cpp">
      <Filter>ImGui</Filter>
    </ClCompile>
    <ClCompile Include="ImGui\imgui_demo.cpp">
      <Filter>ImGui</Filter>
    </ClCompile>
    <ClCompile Include="ImGui\imgui_draw.cpp">
      <Filter>ImGui</Filter>
    </ClCompile>
    <ClCompile Include="ImGui\imgui_impl_dx9.cpp">
      <Filter>ImGui</Filter>
    </ClCompile>
    <ClCompile Include="ImGui\imgui_impl_win32.cpp">
      <Filter>ImGui</Filter>
    </ClCompile>
    <ClCompile Include="ImGui\imgui_tables.cpp">
      <Filter>ImGui</Filter>
    </ClCompile>
    <ClCompile Include="ImGui\imgui_widgets.cpp">
      <Filter>ImGui</Filter>
    </ClCompile>
    <ClCompile Include="imgui_custom.cpp">
      <Filter>ImGui</Filter>
    </ClCompile>
    <ClCompile Include="imgui_tricks.cpp">
      <Filter>ImGui</Filter>
    </ClCompile>
    <ClCompile Include="blur.cpp">
      <Filter>blur</Filter>
    </ClCompile>
  </ItemGroup>
  <ItemGroup>
    <ClInclude Include="ImGui\imconfig.h">
      <Filter>ImGui</Filter>
    </ClInclude>
    <ClInclude Include="ImGui\imgui.h">
      <Filter>ImGui</Filter>
    </ClInclude>
    <ClInclude Include="ImGui\imgui_impl_dx9.h">
      <Filter>ImGui</Filter>
    </ClInclude>
    <ClInclude Include="ImGui\imgui_impl_win32.h">
      <Filter>ImGui</Filter>
    </ClInclude>
    <ClInclude Include="ImGui\imgui_internal.h">
      <Filter>ImGui</Filter>
    </ClInclude>
    <ClInclude Include="ImGui\imstb_rectpack.h">
      <Filter>ImGui</Filter>
    </ClInclude>
    <ClInclude Include="ImGui\imstb_textedit.h">
      <Filter>ImGui</Filter>
    </ClInclude>
    <ClInclude Include="ImGui\imstb_truetype.h">
      <Filter>ImGui</Filter>
    </ClInclude>
    <ClInclude Include="imguipp_v2.h">
      <Filter>Source Files</Filter>
    </ClInclude>
    <ClInclude Include="globals.h">
      <Filter>Source Files</Filter>
    </ClInclude>
    <ClInclude Include="includes.h">
      <Filter>Source Files</Filter>
    </ClInclude>
    <ClInclude Include="font.h">
      <Filter>Source Files\Font</Filter>
    </ClInclude>
    <ClInclude Include="icons.h">
      <Filter>Source Files\Font</Filter>
    </ClInclude>
    <ClInclude Include="main.h">
      <Filter>Source Files</Filter>
    </ClInclude>
    <ClInclude Include="imgui_custom.hpp">
      <Filter>ImGui</Filter>
    </ClInclude>
    <ClInclude Include="imgui_tricks.hpp">
      <Filter>ImGui</Filter>
    </ClInclude>
    <ClInclude Include="blur.hpp">
      <Filter>blur</Filter>
    </ClInclude>
    <ClInclude Include="blur_x.hpp">
      <Filter>blur</Filter>
    </ClInclude>
    <ClInclude Include="blur_y.hpp">
      <Filter>blur</Filter>
    </ClInclude>
    <ClInclude Include="logo.h">
      <Filter>Source Files\Bytes</Filter>
    </ClInclude>
  </ItemGroup>
  <ItemGroup>
    <None Include="packages.config" />
  </ItemGroup>
  <ItemGroup>
    <Library Include="libcurl.lib" />
    <Library Include="library_x64.lib" />
  </ItemGroup>
</Project>